Microsoft Visual Studio Solution File, Format Version 12.00
# Visual Studio Version 17
VisualStudioVersion = 17.5.2.0
MinimumVisualStudioVersion = 10.0.40219.1
Project("{FAE04EC0-301F-11D3-BF4B-00C04F79EFBC}") = "Estudo", "Estudo.csproj", "{34B7110F-634B-0968-E5B5-94845C875ECD}"
EndProject
Global
	GlobalSection(SolutionConfigurationPlatforms) = preSolution
		Debug|Any CPU = Debug|Any CPU
		Release|Any CPU = Release|Any CPU
	EndGlobalSection
	GlobalSection(ProjectConfigurationPlatforms) = postSolution
		{34B7110F-634B-0968-E5B5-94845C875ECD}.Debug|Any CPU.ActiveCfg = Debug|Any CPU
		{34B7110F-634B-0968-E5B5-94845C875ECD}.Debug|Any CPU.Build.0 = Debug|Any CPU
		{34B7110F-634B-0968-E5B5-94845C875ECD}.Release|Any CPU.ActiveCfg = Release|Any CPU
		{34B7110F-634B-0968-E5B5-94845C875ECD}.Release|Any CPU.Build.0 = Release|Any CPU
	EndGlobalSection
	GlobalSection(SolutionProperties) = preSolution
		HideSolutionNode = FALSE
	EndGlobalSection
	GlobalSection(ExtensibilityGlobals) = postSolution
		SolutionGuid = {3A2AA3A1-896B-424C-8EEB-467D3255F2B8}
	EndGlobalSection
EndGlobal
